{
  "nodes": {
    "nixpkgs": {
      "locked": {
        "lastModified": 1784497964,
        "narHash": "sha256-vlHUuqAcbcH2RKmHbPiuQzbv1pnzzavXnI62RD0bqCU=",
        "owner": "nixos",
        "repo": "nixpkgs",
        "rev": "241313f4e8e508cb9b13278c2b0fa25b9ca27163",
        "type": "github"
      },
      "original": {
        "owner": "nixos",
        "ref": "nixos-unstable",
        "repo": "nixpkgs",
        "type": "github"
      }
    },
    "root": {
      "inputs": {
        "nixpkgs": "nixpkgs",
        "wallpapers": "wallpapers"
      }
    },
    "wallpapers": {
      "locked": {
        "lastModified": 1768007062,
        "narHash": "sha256-kG9SlJvnwRFf2dWekukkqTrz8Tjlbz5JE97XJ6n8d6Y=",
        "owner": "anhphan156",
        "repo": "Wallpapers",
        "rev": "2c49d92e4b02b0214bf68c23350a7d0fbdcdf9ff",
        "type": "github"
      },
      "original": {
        "owner": "anhphan156",
        "repo": "Wallpapers",
        "type": "github"
      }
    }
  },
  "root": "root",
  "version": 7
}
