{
  "nodes": {
    "nixpkgs": {
      "locked": {
        "lastModified": 1734649271,
        "narHash": "sha256-4EVBRhOjMDuGtMaofAIqzJbg4Ql7Ai0PSeuVZTHjyKQ=",
        "owner": "nixos",
        "repo": "nixpkgs",
        "rev": "d70bd19e0a38ad4790d3913bf08fcbfc9eeca507",
        "type": "github"
      },
      "original": {
        "owner": "nixos",
        "ref": "nixos-unstable",
        "repo": "nixpkgs",
        "type": "github"
      }
    },
    "nixpkgs_2": {
      "locked": {
        "lastModified": 1733940404,
        "narHash": "sha256-Pj39hSoUA86ZePPF/UXiYHHM7hMIkios8TYG29kQT4g=",
        "owner": "nixos",
        "repo": "nixpkgs",
        "rev": "5d67ea6b4b63378b9c13be21e2ec9d1afc921713",
        "type": "github"
      },
      "original": {
        "owner": "nixos",
        "ref": "nixos-unstable",
        "repo": "nixpkgs",
        "type": "github"
      }
    },
    "root": {
      "inputs": {
        "nixpkgs": "nixpkgs",
        "wallpapers": "wallpapers"
      }
    },
    "wallpapers": {
      "inputs": {
        "nixpkgs": "nixpkgs_2"
      },
      "locked": {
        "lastModified": 1740560592,
        "narHash": "sha256-Cf3JmEUy3NnzZYGWvj+eFYc41cpFWCUs+j9OGEeDHVE=",
        "owner": "anhphan156",
        "repo": "Wallpapers",
        "rev": "37018bbb70ab1add49ae46b68c3aacce92bcf823",
        "type": "github"
      },
      "original": {
        "owner": "anhphan156",
        "repo": "Wallpapers",
        "type": "github"
      }
    }
  },
  "root": "root",
  "version": 7
}
